lockfileVersion: '9.0'

settings:
  autoInstallPeers: true
  excludeLinksFromLockfile: false

importers:

  .:
    devDependencies:
      '@rsbuild/core':
        specifier: ^1.3.0
        version: 1.3.0

packages:

  '@module-federation/error-codes@0.11.1':
    resolution: {integrity: sha512-N1cs1qwrO8cU/OzfnBbr+3FaVbrJk6QEAsQ8H+YxGRrh/kHsR2BKpZCX79jTG27oDbz45FLjQ98YucMMXC24EA==}

  '@module-federation/runtime-core@0.11.1':
    resolution: {integrity: sha512-6KxLfkCl05Ey69Xg/dsjf7fPit9qGXZ0lpwaG2agiCqC3JCDxYjT7tgGvnWhTXCcztb/ThpT+bHrRD4Kw8SMhA==}

  '@module-federation/runtime-tools@0.11.1':
    resolution: {integrity: sha512-8UqMbHJSdkEvKlnlXpR/OjMA77bUbhtmv0I4UO+PA1zBga4y3/St6NOjD66NTINKeWEgsCt1aepXHspduXp33w==}

  '@module-federation/runtime@0.11.1':
    resolution: {integrity: sha512-yxxa/TRXaNggb34N+oL82J7r9+GZ3gYTCDyGibYqtsC5j7+9oB4tmc0UyhjrGMhg+fF8TAWFZjNKo7ZnyN9LcQ==}

  '@module-federation/sdk@0.11.1':
    resolution: {integrity: sha512-QS6zevdQYLCGF6NFf0LysMGARh+dZxMeoRKKDUW5PYi3XOk+tjJ7QsDKybfcBZBNgBJfIuwxh4Oei6WOFJEfRg==}

  '@module-federation/webpack-bundler-runtime@0.11.1':
    resolution: {integrity: sha512-XlVegGyCBBLId8Jr6USjPOFYViQ0CCtoYjHpC8y1FOGtuXLGrvnEdFcl4XHlFlp3MY3Rxhr8QigrdZhYe5bRWg==}

  '@rsbuild/core@1.3.0':
    resolution: {integrity: sha512-+b+qJ0lOHji6JYSsmtiz/u/KasaD5AmGHahtgWDhNQ4dqCl2lqyn9hta2FeK7ic0Gb3RDItMpOpHreC4+WJ8xA==}
    engines: {node: '>=16.7.0'}
    hasBin: true

  '@rspack/binding-darwin-arm64@1.3.0':
    resolution: {integrity: sha512-AexGJ+PBTIURvXzMG/aQILTCB+D5HocmwWLw5jNq1DFVpgb7GX+3ZW3s2MBa8K+3JNeNgRiGcHyYcSV0l1dIfQ==}
    cpu: [arm64]
    os: [darwin]

  '@rspack/binding-darwin-x64@1.3.0':
    resolution: {integrity: sha512-LPzsI2VVwhn9Y88BOE4a0lICH4Jp3zLpNzJjDwMeDANJJ6MLmGbEBAxxRxo0adPG2sWhW7/RKU+ISVhu09aZtw==}
    cpu: [x64]
    os: [darwin]

  '@rspack/binding-linux-arm64-gnu@1.3.0':
    resolution: {integrity: sha512-acj5ikpIvkjy1sEV818RL+tK+EYvj1/g0jBqfttuCdczMMDzb1ciGEOHIuqONCMNdoCpieYnGt65rRwSS7NVHQ==}
    cpu: [arm64]
    os: [linux]

  '@rspack/binding-linux-arm64-musl@1.3.0':
    resolution: {integrity: sha512-8BVoZTmxreQXSoSfUObydaVjVxYUReTZMpdmLTaewBs2KaoZEC8RvddLbEupiLie23Wwz02WDAiSUG1+zuCi5Q==}
    cpu: [arm64]
    os: [linux]

  '@rspack/binding-linux-x64-gnu@1.3.0':
    resolution: {integrity: sha512-8QC553EczUmeVtr5Dqc+TocStYoKHbT6CFRb52sqaLOhka6r/zgchvKYmji+51gohfD5f0gtqjkb2pLWGPHE7w==}
    cpu: [x64]
    os: [linux]

  '@rspack/binding-linux-x64-musl@1.3.0':
    resolution: {integrity: sha512-Zi4vUONm94iN5oO6k8yc7a7AP4H24qesG8J4wNnByZIcSuhFeXhQbkEF+45BY/Kw4HB5K2gU/Oqd+kVlRwqIuQ==}
    cpu: [x64]
    os: [linux]

  '@rspack/binding-win32-arm64-msvc@1.3.0':
    resolution: {integrity: sha512-H6Q3WgLxkHFxxdasQ1MtlbWesyLGT+lr6gMW7Hc3nIl5QOJEcLvwF8OBOR8Di092uvDOyIRSwkUtnkI/tQV8UA==}
    cpu: [arm64]
    os: [win32]

  '@rspack/binding-win32-ia32-msvc@1.3.0':
    resolution: {integrity: sha512-oQEtxVylcKLNFPlzegPkyuBwXg8bKMD4FGrUOwE7Tp/NtI42uhD9kIY+W/U4tLFhIz1bGApdYRdJH71Kl+jBpw==}
    cpu: [ia32]
    os: [win32]

  '@rspack/binding-win32-x64-msvc@1.3.0':
    resolution: {integrity: sha512-vND1d0sAbEfYjkW2H9eOfgO49dYFPTbkN4M7va+SSOI+Gqa4zMqHNg1kcoC5jWEvek6RFSheD1100RiJliLPBg==}
    cpu: [x64]
    os: [win32]

  '@rspack/binding@1.3.0':
    resolution: {integrity: sha512-MqXxbU5ei/xem+Ier48x0/IfJSpfBVbmB/FlziM59wF+mP8DYsMskr7sapN5YfeBhcfelKOtr9hERXRv/p1k2Q==}

  '@rspack/core@1.3.0':
    resolution: {integrity: sha512-7WZdw8EaEy/TlySn46Xgg9qMPoZBA4uTQR+nxgomAA0u9s/31VYFDpPsLIc/uT8OGemGU2kydgAgu9A6Gyp0GQ==}
    engines: {node: '>=16.0.0'}
    peerDependencies:
      '@rspack/tracing': ^1.x
      '@swc/helpers': '>=0.5.1'
    peerDependenciesMeta:
      '@rspack/tracing':
        optional: true
      '@swc/helpers':
        optional: true

  '@rspack/lite-tapable@1.0.1':
    resolution: {integrity: sha512-VynGOEsVw2s8TAlLf/uESfrgfrq2+rcXB1muPJYBWbsm1Oa6r5qVQhjA5ggM6z/coYPrsVMgovl3Ff7Q7OCp1w==}
    engines: {node: '>=16.0.0'}

  '@swc/helpers@0.5.15':
    resolution: {integrity: sha512-JQ5TuMi45Owi4/BIMAJBoSQoOJu12oOk/gADqlcUL9JEdHB8vyjUSsxqeNXnmXHjYKMi2WcYtezGEEhqUI/E2g==}

  caniuse-lite@1.0.30001707:
    resolution: {integrity: sha512-3qtRjw/HQSMlDWf+X79N206fepf4SOOU6SQLMaq/0KkZLmSjPxAkBOQQ+FxbHKfHmYLZFfdWsO3KA90ceHPSnw==}

  core-js@3.41.0:
    resolution: {integrity: sha512-SJ4/EHwS36QMJd6h/Rg+GyR4A5xE0FSI3eZ+iBVpfqf1x0eTSg1smWLHrA+2jQThZSh97fmSgFSU8B61nxosxA==}

  jiti@2.4.2:
    resolution: {integrity: sha512-rg9zJN+G4n2nfJl5MW3BMygZX56zKPNVEYYqq7adpmMh4Jn2QNEwhvQlFy6jPVdcod7txZtKHWnyZiA3a0zP7A==}
    hasBin: true

  tslib@2.8.1:
    resolution: {integrity: sha512-oJFu94HQb+KVduSUQL7wnpmqnfmLsOA/nAh6b6EH0wCEoK0/mPeXU6c3wKDV83MkOuHPRHtSXKKU99IBazS/2w==}

snapshots:

  '@module-federation/error-codes@0.11.1': {}

  '@module-federation/runtime-core@0.11.1':
    dependencies:
      '@module-federation/error-codes': 0.11.1
      '@module-federation/sdk': 0.11.1

  '@module-federation/runtime-tools@0.11.1':
    dependencies:
      '@module-federation/runtime': 0.11.1
      '@module-federation/webpack-bundler-runtime': 0.11.1

  '@module-federation/runtime@0.11.1':
    dependencies:
      '@module-federation/error-codes': 0.11.1
      '@module-federation/runtime-core': 0.11.1
      '@module-federation/sdk': 0.11.1

  '@module-federation/sdk@0.11.1': {}

  '@module-federation/webpack-bundler-runtime@0.11.1':
    dependencies:
      '@module-federation/runtime': 0.11.1
      '@module-federation/sdk': 0.11.1

  '@rsbuild/core@1.3.0':
    dependencies:
      '@rspack/core': 1.3.0(@swc/helpers@0.5.15)
      '@rspack/lite-tapable': 1.0.1
      '@swc/helpers': 0.5.15
      core-js: 3.41.0
      jiti: 2.4.2
    transitivePeerDependencies:
      - '@rspack/tracing'

  '@rspack/binding-darwin-arm64@1.3.0':
    optional: true

  '@rspack/binding-darwin-x64@1.3.0':
    optional: true

  '@rspack/binding-linux-arm64-gnu@1.3.0':
    optional: true

  '@rspack/binding-linux-arm64-musl@1.3.0':
    optional: true

  '@rspack/binding-linux-x64-gnu@1.3.0':
    optional: true

  '@rspack/binding-linux-x64-musl@1.3.0':
    optional: true

  '@rspack/binding-win32-arm64-msvc@1.3.0':
    optional: true

  '@rspack/binding-win32-ia32-msvc@1.3.0':
    optional: true

  '@rspack/binding-win32-x64-msvc@1.3.0':
    optional: true

  '@rspack/binding@1.3.0':
    optionalDependencies:
      '@rspack/binding-darwin-arm64': 1.3.0
      '@rspack/binding-darwin-x64': 1.3.0
      '@rspack/binding-linux-arm64-gnu': 1.3.0
      '@rspack/binding-linux-arm64-musl': 1.3.0
      '@rspack/binding-linux-x64-gnu': 1.3.0
      '@rspack/binding-linux-x64-musl': 1.3.0
      '@rspack/binding-win32-arm64-msvc': 1.3.0
      '@rspack/binding-win32-ia32-msvc': 1.3.0
      '@rspack/binding-win32-x64-msvc': 1.3.0

  '@rspack/core@1.3.0(@swc/helpers@0.5.15)':
    dependencies:
      '@module-federation/runtime-tools': 0.11.1
      '@rspack/binding': 1.3.0
      '@rspack/lite-tapable': 1.0.1
      caniuse-lite: 1.0.30001707
    optionalDependencies:
      '@swc/helpers': 0.5.15

  '@rspack/lite-tapable@1.0.1': {}

  '@swc/helpers@0.5.15':
    dependencies:
      tslib: 2.8.1

  caniuse-lite@1.0.30001707: {}

  core-js@3.41.0: {}

  jiti@2.4.2: {}

  tslib@2.8.1: {}
